
Microsoft Visual Studio Solution File, Format Version 12.00
# Visual Studio Version 17
VisualStudioVersion = 17.7.34018.315
MinimumVisualStudioVersion = 10.0.40219.1
Project("{FAE04EC0-301F-11D3-BF4B-00C04F79EFBC}") = "Blog.API", "Blog.API\Blog.API.csproj", "{210A26A1-E68C-46D3-B355-5725D46D928B}"
EndProject
Project("{FAE04EC0-301F-11D3-BF4B-00C04F79EFBC}") = "Blog.Infra", "Blog.Infra\Blog.Infra.csproj", "{1AA8176D-69A2-4021-B99A-02F9B321DA48}"
EndProject
Project("{FAE04EC0-301F-11D3-BF4B-00C04F79EFBC}") = "Blog.Core", "Blog.Core\Blog.Core.csproj", "{17165CBA-A07A-4682-BAB0-C8B67386DB3C}"
EndProject
Global
	GlobalSection(SolutionConfigurationPlatforms) = preSolution
		Debug|Any CPU = Debug|Any CPU
		Release|Any CPU = Release|Any CPU
	EndGlobalSection
	GlobalSection(ProjectConfigurationPlatforms) = postSolution
		{210A26A1-E68C-46D3-B355-5725D46D928B}.Debug|Any CPU.ActiveCfg = Debug|Any CPU
		{210A26A1-E68C-46D3-B355-5725D46D928B}.Debug|Any CPU.Build.0 = Debug|Any CPU
		{210A26A1-E68C-46D3-B355-5725D46D928B}.Release|Any CPU.ActiveCfg = Release|Any CPU
		{210A26A1-E68C-46D3-B355-5725D46D928B}.Release|Any CPU.Build.0 = Release|Any CPU
		{1AA8176D-69A2-4021-B99A-02F9B321DA48}.Debug|Any CPU.ActiveCfg = Debug|Any CPU
		{1AA8176D-69A2-4021-B99A-02F9B321DA48}.Debug|Any CPU.Build.0 = Debug|Any CPU
		{1AA8176D-69A2-4021-B99A-02F9B321DA48}.Release|Any CPU.ActiveCfg = Release|Any CPU
		{1AA8176D-69A2-4021-B99A-02F9B321DA48}.Release|Any CPU.Build.0 = Release|Any CPU
		{17165CBA-A07A-4682-BAB0-C8B67386DB3C}.Debug|Any CPU.ActiveCfg = Debug|Any CPU
		{17165CBA-A07A-4682-BAB0-C8B67386DB3C}.Debug|Any CPU.Build.0 = Debug|Any CPU
		{17165CBA-A07A-4682-BAB0-C8B67386DB3C}.Release|Any CPU.ActiveCfg = Release|Any CPU
		{17165CBA-A07A-4682-BAB0-C8B67386DB3C}.Release|Any CPU.Build.0 = Release|Any CPU
	EndGlobalSection
	GlobalSection(SolutionProperties) = preSolution
		HideSolutionNode = FALSE
	EndGlobalSection
	GlobalSection(ExtensibilityGlobals) = postSolution
		SolutionGuid = {63EC2504-E971-4EAE-BC89-13B5E12BC53B}
	EndGlobalSection
EndGlobal
